{
  "object": {
    "pins": [
      {
        "package": "SwiftUIToolbox",
        "repositoryURL": "https://github.com/devQQ/SwiftUIToolbox",
        "state": {
          "branch": null,
          "revision": "a489ed49e0980afaa8f2bc0b8ea644851a84624d",
          "version": "1.4.2"
        }
      }
    ]
  },
  "version": 1
}
